
Microsoft Visual Studio Solution File, Format Version 12.00
# Visual Studio Version 16
VisualStudioVersion = 16.0.32106.194
MinimumVisualStudioVersion = 10.0.40219.1
Project("{8BC9CEB8-8B4A-11D0-8D11-00A0C91BC942}") = "Lab5", "Lab5\Lab5.vcxproj", "{84C61F09-8DF7-4A79-97C2-75EB0DB50E02}"
EndProject
Global
	GlobalSection(SolutionConfigurationPlatforms) = preSolution
		Debug|x64 = Debug|x64
		Debug|x86 = Debug|x86
		Release|x64 = Release|x64
		Release|x86 = Release|x86
	EndGlobalSection
	GlobalSection(ProjectConfigurationPlatforms) = postSolution
		{84C61F09-8DF7-4A79-97C2-75EB0DB50E02}.Debug|x64.ActiveCfg = Debug|x64
		{84C61F09-8DF7-4A79-97C2-75EB0DB50E02}.Debug|x64.Build.0 = Debug|x64
		{84C61F09-8DF7-4A79-97C2-75EB0DB50E02}.Debug|x86.ActiveCfg = Debug|Win32
		{84C61F09-8DF7-4A79-97C2-75EB0DB50E02}.Debug|x86.Build.0 = Debug|Win32
		{84C61F09-8DF7-4A79-97C2-75EB0DB50E02}.Release|x64.ActiveCfg = Release|x64
		{84C61F09-8DF7-4A79-97C2-75EB0DB50E02}.Release|x64.Build.0 = Release|x64
		{84C61F09-8DF7-4A79-97C2-75EB0DB50E02}.Release|x86.ActiveCfg = Release|Win32
		{84C61F09-8DF7-4A79-97C2-75EB0DB50E02}.Release|x86.Build.0 = Release|Win32
	EndGlobalSection
	GlobalSection(SolutionProperties) = preSolution
		HideSolutionNode = FALSE
	EndGlobalSection
	GlobalSection(ExtensibilityGlobals) = postSolution
		SolutionGuid = {A3840958-2492-4BDD-9A82-C0F75D3B190E}
	EndGlobalSection
EndGlobal
